
Microsoft Visual Studio Solution File, Format Version 12.00
# Visual Studio Version 17
VisualStudioVersion = 17.1.32319.34
MinimumVisualStudioVersion = 10.0.40219.1
Project("{FAE04EC0-301F-11D3-BF4B-00C04F79EFBC}") = "Program9", "Program9.csproj", "{CE19C307-7DEC-4BB1-B6E1-012E9D725001}"
EndProject
Global
	GlobalSection(SolutionConfigurationPlatforms) = preSolution
		Debug|Any CPU = Debug|Any CPU
		Release|Any CPU = Release|Any CPU
	EndGlobalSection
	GlobalSection(ProjectConfigurationPlatforms) = postSolution
		{CE19C307-7DEC-4BB1-B6E1-012E9D725001}.Debug|Any CPU.ActiveCfg = Debug|Any CPU
		{CE19C307-7DEC-4BB1-B6E1-012E9D725001}.Debug|Any CPU.Build.0 = Debug|Any CPU
		{CE19C307-7DEC-4BB1-B6E1-012E9D725001}.Release|Any CPU.ActiveCfg = Release|Any CPU
		{CE19C307-7DEC-4BB1-B6E1-012E9D725001}.Release|Any CPU.Build.0 = Release|Any CPU
	EndGlobalSection
	GlobalSection(SolutionProperties) = preSolution
		HideSolutionNode = FALSE
	EndGlobalSection
	GlobalSection(ExtensibilityGlobals) = postSolution
		SolutionGuid = {E6ECAC4E-CD04-4D9E-91F5-BBF9247718DF}
	EndGlobalSection
EndGlobal
